
Microsoft Visual Studio Solution File, Format Version 12.00
# Visual Studio Version 17
VisualStudioVersion = 17.0.32126.317
MinimumVisualStudioVersion = 10.0.40219.1
Project("{8BC9CEB8-8B4A-11D0-8D11-00A0C91BC942}") = "crypt-aes", "crypt-aes\crypt-aes.vcxproj", "{A2560E32-9082-4567-9BB2-F3EFC1B17E91}"
EndProject
Global
	GlobalSection(SolutionConfigurationPlatforms) = preSolution
		Debug|x64 = Debug|x64
		Debug|x86 = Debug|x86
		Release|x64 = Release|x64
		Release|x86 = Release|x86
	EndGlobalSection
	GlobalSection(ProjectConfigurationPlatforms) = postSolution
		{A2560E32-9082-4567-9BB2-F3EFC1B17E91}.Debug|x64.ActiveCfg = Debug|x64
		{A2560E32-9082-4567-9BB2-F3EFC1B17E91}.Debug|x64.Build.0 = Debug|x64
		{A2560E32-9082-4567-9BB2-F3EFC1B17E91}.Debug|x86.ActiveCfg = Debug|Win32
		{A2560E32-9082-4567-9BB2-F3EFC1B17E91}.Debug|x86.Build.0 = Debug|Win32
		{A2560E32-9082-4567-9BB2-F3EFC1B17E91}.Release|x64.ActiveCfg = Release|x64
		{A2560E32-9082-4567-9BB2-F3EFC1B17E91}.Release|x64.Build.0 = Release|x64
		{A2560E32-9082-4567-9BB2-F3EFC1B17E91}.Release|x86.ActiveCfg = Release|Win32
		{A2560E32-9082-4567-9BB2-F3EFC1B17E91}.Release|x86.Build.0 = Release|Win32
	EndGlobalSection
	GlobalSection(SolutionProperties) = preSolution
		HideSolutionNode = FALSE
	EndGlobalSection
	GlobalSection(ExtensibilityGlobals) = postSolution
		SolutionGuid = {72DD5D20-E727-4137-B5A4-8685606AE2AC}
	EndGlobalSection
EndGlobal
